
Microsoft Visual Studio Solution File, Format Version 12.00
# Visual Studio Version 17
VisualStudioVersion = 17.11.35431.28
MinimumVisualStudioVersion = 10.0.40219.1
Project("{9A19103F-16F7-4668-BE54-9A1E7A4F7556}") = "MVC", "MVC\MVC.csproj", "{885CA6FD-A398-47B4-8A5B-DF4B536BA833}"
EndProject
Project("{9A19103F-16F7-4668-BE54-9A1E7A4F7556}") = "BLL", "BLL\BLL.csproj", "{75940633-04AB-4F8D-B1A9-85D242F54586}"
EndProject
Global
	GlobalSection(SolutionConfigurationPlatforms) = preSolution
		Debug|Any CPU = Debug|Any CPU
		Release|Any CPU = Release|Any CPU
	EndGlobalSection
	GlobalSection(ProjectConfigurationPlatforms) = postSolution
		{885CA6FD-A398-47B4-8A5B-DF4B536BA833}.Debug|Any CPU.ActiveCfg = Debug|Any CPU
		{885CA6FD-A398-47B4-8A5B-DF4B536BA833}.Debug|Any CPU.Build.0 = Debug|Any CPU
		{885CA6FD-A398-47B4-8A5B-DF4B536BA833}.Release|Any CPU.ActiveCfg = Release|Any CPU
		{885CA6FD-A398-47B4-8A5B-DF4B536BA833}.Release|Any CPU.Build.0 = Release|Any CPU
		{75940633-04AB-4F8D-B1A9-85D242F54586}.Debug|Any CPU.ActiveCfg = Debug|Any CPU
		{75940633-04AB-4F8D-B1A9-85D242F54586}.Debug|Any CPU.Build.0 = Debug|Any CPU
		{75940633-04AB-4F8D-B1A9-85D242F54586}.Release|Any CPU.ActiveCfg = Release|Any CPU
		{75940633-04AB-4F8D-B1A9-85D242F54586}.Release|Any CPU.Build.0 = Release|Any CPU
	EndGlobalSection
	GlobalSection(SolutionProperties) = preSolution
		HideSolutionNode = FALSE
	EndGlobalSection
	GlobalSection(ExtensibilityGlobals) = postSolution
		SolutionGuid = {35FA4165-3BA5-4697-B4FA-027CCD81C898}
	EndGlobalSection
EndGlobal
